
Microsoft Visual Studio Solution File, Format Version 12.00
# Visual Studio Version 17
VisualStudioVersion = 17.7.34202.233
MinimumVisualStudioVersion = 10.0.40219.1
Project("{8BC9CEB8-8B4A-11D0-8D11-00A0C91BC942}") = "Assignment1", "Assignment1\Assignment1.vcxproj", "{5BC03A1D-8A7F-409F-ACEE-B6F04DCF48D0}"
EndProject
Global
	GlobalSection(SolutionConfigurationPlatforms) = preSolution
		Debug|x64 = Debug|x64
		Debug|x86 = Debug|x86
		Release|x64 = Release|x64
		Release|x86 = Release|x86
	EndGlobalSection
	GlobalSection(ProjectConfigurationPlatforms) = postSolution
		{5BC03A1D-8A7F-409F-ACEE-B6F04DCF48D0}.Debug|x64.ActiveCfg = Debug|x64
		{5BC03A1D-8A7F-409F-ACEE-B6F04DCF48D0}.Debug|x64.Build.0 = Debug|x64
		{5BC03A1D-8A7F-409F-ACEE-B6F04DCF48D0}.Debug|x86.ActiveCfg = Debug|Win32
		{5BC03A1D-8A7F-409F-ACEE-B6F04DCF48D0}.Debug|x86.Build.0 = Debug|Win32
		{5BC03A1D-8A7F-409F-ACEE-B6F04DCF48D0}.Release|x64.ActiveCfg = Release|x64
		{5BC03A1D-8A7F-409F-ACEE-B6F04DCF48D0}.Release|x64.Build.0 = Release|x64
		{5BC03A1D-8A7F-409F-ACEE-B6F04DCF48D0}.Release|x86.ActiveCfg = Release|Win32
		{5BC03A1D-8A7F-409F-ACEE-B6F04DCF48D0}.Release|x86.Build.0 = Release|Win32
	EndGlobalSection
	GlobalSection(SolutionProperties) = preSolution
		HideSolutionNode = FALSE
	EndGlobalSection
	GlobalSection(ExtensibilityGlobals) = postSolution
		SolutionGuid = {3D5B0AD1-95BF-42BD-BF19-B8BC8C335AF9}
	EndGlobalSection
EndGlobal
